
Microsoft Visual Studio Solution File, Format Version 11.00
# Visual Studio 2010
Project("{FAE04EC0-301F-11D3-BF4B-00C04F79EFBC}") = "Tweetasse", "Tweetasse\Tweetasse.csproj", "{CF89248E-F9E7-4EF8-8304-D6AB8B121F61}"
EndProject
Global
	GlobalSection(SolutionConfigurationPlatforms) = preSolution
		Debug|Any CPU = Debug|Any CPU
		Release|Any CPU = Release|Any CPU
	EndGlobalSection
	GlobalSection(ProjectConfigurationPlatforms) = postSolution
		{CF89248E-F9E7-4EF8-8304-D6AB8B121F61}.Debug|Any CPU.ActiveCfg = Debug|Any CPU
		{CF89248E-F9E7-4EF8-8304-D6AB8B121F61}.Debug|Any CPU.Build.0 = Debug|Any CPU
		{CF89248E-F9E7-4EF8-8304-D6AB8B121F61}.Release|Any CPU.ActiveCfg = Release|Any CPU
		{CF89248E-F9E7-4EF8-8304-D6AB8B121F61}.Release|Any CPU.Build.0 = Release|Any CPU
	EndGlobalSection
	GlobalSection(SolutionProperties) = preSolution
		HideSolutionNode = FALSE
	EndGlobalSection
EndGlobal
